// !$*UTF8*$!
{
	archiveVersion = 1;
	classes = {
	};
	objectVersion = 55;
	objects = {

/* Begin PBXBuildFile section */
		9831AE9028C0CE940058A86A /* TaskEditViewController.swift in Sources */ = {isa = PBXBuildFile; fileRef = 9831AE8F28C0CE940058A86A /* TaskEditViewController.swift */; };
		9837BBAD28B782F700D9B429 /* AppDelegate.swift in Sources */ = {isa = PBXBuildFile; fileRef = 9837BBAC28B782F700D9B429 /* AppDelegate.swift */; };
		9837BBAF28B782F700D9B429 /* SceneDelegate.swift in Sources */ = {isa = PBXBuildFile; fileRef = 9837BBAE28B782F700D9B429 /* SceneDelegate.swift */; };
		9837BBB128B782F700D9B429 /* ViewController.swift in Sources */ = {isa = PBXBuildFile; fileRef = 9837BBB028B782F700D9B429 /* ViewController.swift */; };
		9837BBB428B782F700D9B429 /* Main.storyboard in Resources */ = {isa = PBXBuildFile; fileRef = 9837BBB228B782F700D9B429 /* Main.storyboard */; };
		9837BBB628B782F900D9B429 /* Assets.xcassets in Resources */ = {isa = PBXBuildFile; fileRef = 9837BBB528B782F900D9B429 /* Assets.xcassets */; };
		9837BBB928B782F900D9B429 /* LaunchScreen.storyboard in Resources */ = {isa = PBXBuildFile; fileRef = 9837BBB728B782F900D9B429 /* LaunchScreen.storyboard */; };
		983F4C6428B8DE8F0053ECB8 /* TaskTableViewCell.swift in Sources */ = {isa = PBXBuildFile; fileRef = 983F4C6328B8DE8F0053ECB8 /* TaskTableViewCell.swift */; };
		98F0684928E4C7BD0005F259 /* Realm in Frameworks */ = {isa = PBXBuildFile; productRef = 98F0684828E4C7BD0005F259 /* Realm */; };
		98F0684B28E4C7BD0005F259 /* RealmSwift in Frameworks */ = {isa = PBXBuildFile; productRef = 98F0684A28E4C7BD0005F259 /* RealmSwift */; };
		98F0684D28E4C8440005F259 /* TaskModel.swift in Sources */ = {isa = PBXBuildFile; fileRef = 98F0684C28E4C8440005F259 /* TaskModel.swift */; };
		98F0685028F453FF0005F259 /* RealmDataBaseManager.swift in Sources */ = {isa = PBXBuildFile; fileRef = 98F0684F28F453FF0005F259 /* RealmDataBaseManager.swift */; };
/* End PBXBuildFile section */

/* Begin PBXFileReference section */
		9831AE8F28C0CE940058A86A /* TaskEditViewController.swift */ = {isa = PBXFileReference; lastKnownFileType = sourcecode.swift; path = TaskEditViewController.swift; sourceTree = "<group>"; };
		9837BBA928B782F700D9B429 /* ToDoList.app */ = {isa = PBXFileReference; explicitFileType = wrapper.application; includeInIndex = 0; path = ToDoList.app; sourceTree = BUILT_PRODUCTS_DIR; };
		9837BBAC28B782F700D9B429 /* AppDelegate.swift */ = {isa = PBXFileReference; lastKnownFileType = sourcecode.swift; path = AppDelegate.swift; sourceTree = "<group>"; };
		9837BBAE28B782F700D9B429 /* SceneDelegate.swift */ = {isa = PBXFileReference; lastKnownFileType = sourcecode.swift; path = SceneDelegate.swift; sourceTree = "<group>"; };
		9837BBB028B782F700D9B429 /* ViewController.swift */ = {isa = PBXFileReference; lastKnownFileType = sourcecode.swift; path = ViewController.swift; sourceTree = "<group>"; };
		9837BBB328B782F700D9B429 /* Base */ = {isa = PBXFileReference; lastKnownFileType = file.storyboard; name = Base; path = Base.lproj/Main.storyboard; sourceTree = "<group>"; };
		9837BBB528B782F900D9B429 /* Assets.xcassets */ = {isa = PBXFileReference; lastKnownFileType = folder.assetcatalog; path = Assets.xcassets; sourceTree = "<group>"; };
		9837BBB828B782F900D9B429 /* Base */ = {isa = PBXFileReference; lastKnownFileType = file.storyboard; name = Base; path = Base.lproj/LaunchScreen.storyboard; sourceTree = "<group>"; };
		9837BBBA28B782F900D9B429 /* Info.plist */ = {isa = PBXFileReference; lastKnownFileType = text.plist.xml; path = Info.plist; sourceTree = "<group>"; };
		983F4C6328B8DE8F0053ECB8 /* TaskTableViewCell.swift */ = {isa = PBXFileReference; lastKnownFileType = sourcecode.swift; path = TaskTableViewCell.swift; sourceTree = "<group>"; };
		98F0684C28E4C8440005F259 /* TaskModel.swift */ = {isa = PBXFileReference; lastKnownFileType = sourcecode.swift; path = TaskModel.swift; sourceTree = "<group>"; };
		98F0684E28E5B7970005F259 /* Do catch.playground */ = {isa = PBXFileReference; lastKnownFileType = file.playground; path = "Do catch.playground"; sourceTree = "<group>"; xcLanguageSpecificationIdentifier = xcode.lang.swift; };
		98F0684F28F453FF0005F259 /* RealmDataBaseManager.swift */ = {isa = PBXFileReference; lastKnownFileType = sourcecode.swift; path = RealmDataBaseManager.swift; sourceTree = "<group>"; };
/* End PBXFileReference section */

/* Begin PBXFrameworksBuildPhase section */
		9837BBA628B782F700D9B429 /* Frameworks */ = {
			isa = PBXFrameworksBuildPhase;
			buildActionMask = 2147483647;
			files = (
				98F0684B28E4C7BD0005F259 /* RealmSwift in Frameworks */,
				98F0684928E4C7BD0005F259 /* Realm in Frameworks */,
			);
			runOnlyForDeploymentPostprocessing = 0;
		};
/* End PBXFrameworksBuildPhase section */

/* Begin PBXGroup section */
		9837BBA028B782F700D9B429 = {
			isa = PBXGroup;
			children = (
				9837BBAB28B782F700D9B429 /* ToDoList */,
				9837BBAA28B782F700D9B429 /* Products */,
			);
			sourceTree = "<group>";
		};
		9837BBAA28B782F700D9B429 /* Products */ = {
			isa = PBXGroup;
			children = (
				9837BBA928B782F700D9B429 /* ToDoList.app */,
			);
			name = Products;
			sourceTree = "<group>";
		};
		9837BBAB28B782F700D9B429 /* ToDoList */ = {
			isa = PBXGroup;
			children = (
				9837BBAC28B782F700D9B429 /* AppDelegate.swift */,
				9837BBAE28B782F700D9B429 /* SceneDelegate.swift */,
				9837BBB028B782F700D9B429 /* ViewController.swift */,
				98F0684F28F453FF0005F259 /* RealmDataBaseManager.swift */,
				98F0684C28E4C8440005F259 /* TaskModel.swift */,
				983F4C6328B8DE8F0053ECB8 /* TaskTableViewCell.swift */,
				9831AE8F28C0CE940058A86A /* TaskEditViewController.swift */,
				9837BBB228B782F700D9B429 /* Main.storyboard */,
				9837BBB528B782F900D9B429 /* Assets.xcassets */,
				9837BBB728B782F900D9B429 /* LaunchScreen.storyboard */,
				9837BBBA28B782F900D9B429 /* Info.plist */,
				98F0684E28E5B7970005F259 /* Do catch.playground */,
			);
			path = ToDoList;
			sourceTree = "<group>";
		};
/* End PBXGroup section */

/* Begin PBXNativeTarget section */
		9837BBA828B782F700D9B429 /* ToDoList */ = {
			isa = PBXNativeTarget;
			buildConfigurationList = 9837BBBD28B782F900D9B429 /* Build configuration list for PBXNativeTarget "ToDoList" */;
			buildPhases = (
				9837BBA528B782F700D9B429 /* Sources */,
				9837BBA628B782F700D9B429 /* Frameworks */,
				9837BBA728B782F700D9B429 /* Resources */,
			);
			buildRules = (
			);
			dependencies = (
			);
			name = ToDoList;
			packageProductDependencies = (
				98F0684828E4C7BD0005F259 /* Realm */,
				98F0684A28E4C7BD0005F259 /* RealmSwift */,
			);
			productName = ToDoList;
			productReference = 9837BBA928B782F700D9B429 /* ToDoList.app */;
			productType = "com.apple.product-type.application";
		};
/* End PBXNativeTarget section */

/* Begin PBXProject section */
		9837BBA128B782F700D9B429 /* Project object */ = {
			isa = PBXProject;
			attributes = {
				BuildIndependentTargetsInParallel = 1;
				LastSwiftUpdateCheck = 1340;
				LastUpgradeCheck = 1340;
				TargetAttributes = {
					9837BBA828B782F700D9B429 = {
						CreatedOnToolsVersion = 13.4.1;
					};
				};
			};
			buildConfigurationList = 9837BBA428B782F700D9B429 /* Build configuration list for PBXProject "ToDoList" */;
			compatibilityVersion = "Xcode 13.0";
			developmentRegion = en;
			hasScannedForEncodings = 0;
			knownRegions = (
				en,
				Base,
			);
			mainGroup = 9837BBA028B782F700D9B429;
			packageReferences = (
				98F0684728E4C7BC0005F259 /* XCRemoteSwiftPackageReference "realm-swift" */,
			);
			productRefGroup = 9837BBAA28B782F700D9B429 /* Products */;
			projectDirPath = "";
			projectRoot = "";
			targets = (
				9837BBA828B782F700D9B429 /* ToDoList */,
			);
		};
/* End PBXProject section */

/* Begin PBXResourcesBuildPhase section */
		9837BBA728B782F700D9B429 /* Resources */ = {
			isa = PBXResourcesBuildPhase;
			buildActionMask = 2147483647;
			files = (
				9837BBB928B782F900D9B429 /* LaunchScreen.storyboard in Resources */,
				9837BBB628B782F900D9B429 /* Assets.xcassets in Resources */,
				9837BBB428B782F700D9B429 /* Main.storyboard in Resources */,
			);
			runOnlyForDeploymentPostprocessing = 0;
		};
/* End PBXResourcesBuildPhase section */

/* Begin PBXSourcesBuildPhase section */
		9837BBA528B782F700D9B429 /* Sources */ = {
			isa = PBXSourcesBuildPhase;
			buildActionMask = 2147483647;
			files = (
				98F0684D28E4C8440005F259 /* TaskModel.swift in Sources */,
				98F0685028F453FF0005F259 /* RealmDataBaseManager.swift in Sources */,
				983F4C6428B8DE8F0053ECB8 /* TaskTableViewCell.swift in Sources */,
				9837BBB128B782F700D9B429 /* ViewController.swift in Sources */,
				9837BBAD28B782F700D9B429 /* AppDelegate.swift in Sources */,
				9837BBAF28B782F700D9B429 /* SceneDelegate.swift in Sources */,
				9831AE9028C0CE940058A86A /* TaskEditViewController.swift in Sources */,
			);
			runOnlyForDeploymentPostprocessing = 0;
		};
/* End PBXSourcesBuildPhase section */

/* Begin PBXVariantGroup section */
		9837BBB228B782F700D9B429 /* Main.storyboard */ = {
			isa = PBXVariantGroup;
			children = (
				9837BBB328B782F700D9B429 /* Base */,
			);
			name = Main.storyboard;
			sourceTree = "<group>";
		};
		9837BBB728B782F900D9B429 /* LaunchScreen.storyboard */ = {
			isa = PBXVariantGroup;
			children = (
				9837BBB828B782F900D9B429 /* Base */,
			);
			name = LaunchScreen.storyboard;
			sourceTree = "<group>";
		};
/* End PBXVariantGroup section */

/* Begin XCBuildConfiguration section */
		9837BBBB28B782F900D9B429 /* Debug */ = {
			isa = XCBuildConfiguration;
			buildSettings = {
				ALWAYS_SEARCH_USER_PATHS = NO;
				CLANG_ANALYZER_NONNULL = YES;
				CLANG_ANALYZER_NUMBER_OBJECT_CONVERSION = YES_AGGRESSIVE;
				CLANG_CXX_LANGUAGE_STANDARD = "gnu++17";
				CLANG_ENABLE_MODULES = YES;
				CLANG_ENABLE_OBJC_ARC = YES;
				CLANG_ENABLE_OBJC_WEAK = YES;
				CLANG_WARN_BLOCK_CAPTURE_AUTORELEASING = YES;
				CLANG_WARN_BOOL_CONVERSION = YES;
				CLANG_WARN_COMMA = YES;
				CLANG_WARN_CONSTANT_CONVERSION = YES;
				CLANG_WARN_DEPRECATED_OBJC_IMPLEMENTATIONS = YES;
				CLANG_WARN_DIRECT_OBJC_ISA_USAGE = YES_ERROR;
				CLANG_WARN_DOCUMENTATION_COMMENTS = YES;
				CLANG_WARN_EMPTY_BODY = YES;
				CLANG_WARN_ENUM_CONVERSION = YES;
				CLANG_WARN_INFINITE_RECURSION = YES;
				CLANG_WARN_INT_CONVERSION = YES;
				CLANG_WARN_NON_LITERAL_NULL_CONVERSION = YES;
				CLANG_WARN_OBJC_IMPLICIT_RETAIN_SELF = YES;
				CLANG_WARN_OBJC_LITERAL_CONVERSION = YES;
				CLANG_WARN_OBJC_ROOT_CLASS = YES_ERROR;
				CLANG_WARN_QUOTED_INCLUDE_IN_FRAMEWORK_HEADER = YES;
				CLANG_WARN_RANGE_LOOP_ANALYSIS = YES;
				CLANG_WARN_STRICT_PROTOTYPES = YES;
				CLANG_WARN_SUSPICIOUS_MOVE = YES;
				CLANG_WARN_UNGUARDED_AVAILABILITY = YES_AGGRESSIVE;
				CLANG_WARN_UNREACHABLE_CODE = YES;
				CLANG_WARN__DUPLICATE_METHOD_MATCH = YES;
				COPY_PHASE_STRIP = NO;
				DEBUG_INFORMATION_FORMAT = dwarf;
				ENABLE_STRICT_OBJC_MSGSEND = YES;
				ENABLE_TESTABILITY = YES;
				GCC_C_LANGUAGE_STANDARD = gnu11;
				GCC_DYNAMIC_NO_PIC = NO;
				GCC_NO_COMMON_BLOCKS = YES;
				GCC_OPTIMIZATION_LEVEL = 0;
				GCC_PREPROCESSOR_DEFINITIONS = (
					"DEBUG=1",
					"$(inherited)",
				);
				GCC_WARN_64_TO_32_BIT_CONVERSION = YES;
				GCC_WARN_ABOUT_RETURN_TYPE = YES_ERROR;
				GCC_WARN_UNDECLARED_SELECTOR = YES;
				GCC_WARN_UNINITIALIZED_AUTOS = YES_AGGRESSIVE;
				GCC_WARN_UNUSED_FUNCTION = YES;
				GCC_WARN_UNUSED_VARIABLE = YES;
				IPHONEOS_DEPLOYMENT_TARGET = 15.5;
				MTL_ENABLE_DEBUG_INFO = INCLUDE_SOURCE;
				MTL_FAST_MATH = YES;
				ONLY_ACTIVE_ARCH = YES;
				SDKROOT = iphoneos;
				SWIFT_ACTIVE_COMPILATION_CONDITIONS = DEBUG;
				SWIFT_OPTIMIZATION_LEVEL = "-Onone";
			};
			name = Debug;
		};
		9837BBBC28B782F900D9B429 /* Release */ = {
			isa = XCBuildConfiguration;
			buildSettings = {
				ALWAYS_SEARCH_USER_PATHS = NO;
				CLANG_ANALYZER_NONNULL = YES;
				CLANG_ANALYZER_NUMBER_OBJECT_CONVERSION = YES_AGGRESSIVE;
				CLANG_CXX_LANGUAGE_STANDARD = "gnu++17";
				CLANG_ENABLE_MODULES = YES;
				CLANG_ENABLE_OBJC_ARC = YES;
				CLANG_ENABLE_OBJC_WEAK = YES;
				CLANG_WARN_BLOCK_CAPTURE_AUTORELEASING = YES;
				CLANG_WARN_BOOL_CONVERSION = YES;
				CLANG_WARN_COMMA = YES;
				CLANG_WARN_CONSTANT_CONVERSION = YES;
				CLANG_WARN_DEPRECATED_OBJC_IMPLEMENTATIONS = YES;
				CLANG_WARN_DIRECT_OBJC_ISA_USAGE = YES_ERROR;
				CLANG_WARN_DOCUMENTATION_COMMENTS = YES;
				CLANG_WARN_EMPTY_BODY = YES;
				CLANG_WARN_ENUM_CONVERSION = YES;
				CLANG_WARN_INFINITE_RECURSION = YES;
				CLANG_WARN_INT_CONVERSION = YES;
				CLANG_WARN_NON_LITERAL_NULL_CONVERSION = YES;
				CLANG_WARN_OBJC_IMPLICIT_RETAIN_SELF = YES;
				CLANG_WARN_OBJC_LITERAL_CONVERSION = YES;
				CLANG_WARN_OBJC_ROOT_CLASS = YES_ERROR;
				CLANG_WARN_QUOTED_INCLUDE_IN_FRAMEWORK_HEADER = YES;
				CLANG_WARN_RANGE_LOOP_ANALYSIS = YES;
				CLANG_WARN_STRICT_PROTOTYPES = YES;
				CLANG_WARN_SUSPICIOUS_MOVE = YES;
				CLANG_WARN_UNGUARDED_AVAILABILITY = YES_AGGRESSIVE;
				CLANG_WARN_UNREACHABLE_CODE = YES;
				CLANG_WARN__DUPLICATE_METHOD_MATCH = YES;
				COPY_PHASE_STRIP = NO;
				DEBUG_INFORMATION_FORMAT = "dwarf-with-dsym";
				ENABLE_NS_ASSERTIONS = NO;
				ENABLE_STRICT_OBJC_MSGSEND = YES;
				GCC_C_LANGUAGE_STANDARD = gnu11;
				GCC_NO_COMMON_BLOCKS = YES;
				GCC_WARN_64_TO_32_BIT_CONVERSION = YES;
				GCC_WARN_ABOUT_RETURN_TYPE = YES_ERROR;
				GCC_WARN_UNDECLARED_SELECTOR = YES;
				GCC_WARN_UNINITIALIZED_AUTOS = YES_AGGRESSIVE;
				GCC_WARN_UNUSED_FUNCTION = YES;
				GCC_WARN_UNUSED_VARIABLE = YES;
				IPHONEOS_DEPLOYMENT_TARGET = 15.5;
				MTL_ENABLE_DEBUG_INFO = NO;
				MTL_FAST_MATH = YES;
				SDKROOT = iphoneos;
				SWIFT_COMPILATION_MODE = wholemodule;
				SWIFT_OPTIMIZATION_LEVEL = "-O";
				VALIDATE_PRODUCT = YES;
			};
			name = Release;
		};
		9837BBBE28B782F900D9B429 /* Debug */ = {
			isa = XCBuildConfiguration;
			buildSettings = {
				ASSETCATALOG_COMPILER_APPICON_NAME = AppIcon;
				ASSETCATALOG_COMPILER_GLOBAL_ACCENT_COLOR_NAME = AccentColor;
				CODE_SIGN_STYLE = Automatic;
				CURRENT_PROJECT_VERSION = 1;
				GENERATE_INFOPLIST_FILE = YES;
				INFOPLIST_FILE = ToDoList/Info.plist;
				INFOPLIST_KEY_UIApplicationSupportsIndirectInputEvents = YES;
				INFOPLIST_KEY_UILaunchStoryboardName = LaunchScreen;
				INFOPLIST_KEY_UIMainStoryboardFile = Main;
				INFOPLIST_KEY_UISupportedInterfaceOrientations_iPad = "UIInterfaceOrientationPortrait UIInterfaceOrientationPortraitUpsideDown UIInterfaceOrientationLandscapeLeft UIInterfaceOrientationLandscapeRight";
				INFOPLIST_KEY_UISupportedInterfaceOrientations_iPhone = "UIInterfaceOrientationPortrait UIInterfaceOrientationLandscapeLeft UIInterfaceOrientationLandscapeRight";
				LD_RUNPATH_SEARCH_PATHS = (
					"$(inherited)",
					"@executable_path/Frameworks",
				);
				MARKETING_VERSION = 1.0;
				PRODUCT_BUNDLE_IDENTIFIER = First.ToDoList;
				PRODUCT_NAME = "$(TARGET_NAME)";
				SWIFT_EMIT_LOC_STRINGS = YES;
				SWIFT_VERSION = 5.0;
				TARGETED_DEVICE_FAMILY = 1;
			};
			name = Debug;
		};
		9837BBBF28B782F900D9B429 /* Release */ = {
			isa = XCBuildConfiguration;
			buildSettings = {
				ASSETCATALOG_COMPILER_APPICON_NAME = AppIcon;
				ASSETCATALOG_COMPILER_GLOBAL_ACCENT_COLOR_NAME = AccentColor;
				CODE_SIGN_STYLE = Automatic;
				CURRENT_PROJECT_VERSION = 1;
				GENERATE_INFOPLIST_FILE = YES;
				INFOPLIST_FILE = ToDoList/Info.plist;
				INFOPLIST_KEY_UIApplicationSupportsIndirectInputEvents = YES;
				INFOPLIST_KEY_UILaunchStoryboardName = LaunchScreen;
				INFOPLIST_KEY_UIMainStoryboardFile = Main;
				INFOPLIST_KEY_UISupportedInterfaceOrientations_iPad = "UIInterfaceOrientationPortrait UIInterfaceOrientationPortraitUpsideDown UIInterfaceOrientationLandscapeLeft UIInterfaceOrientationLandscapeRight";
				INFOPLIST_KEY_UISupportedInterfaceOrientations_iPhone = "UIInterfaceOrientationPortrait UIInterfaceOrientationLandscapeLeft UIInterfaceOrientationLandscapeRight";
				LD_RUNPATH_SEARCH_PATHS = (
					"$(inherited)",
					"@executable_path/Frameworks",
				);
				MARKETING_VERSION = 1.0;
				PRODUCT_BUNDLE_IDENTIFIER = First.ToDoList;
				PRODUCT_NAME = "$(TARGET_NAME)";
				SWIFT_EMIT_LOC_STRINGS = YES;
				SWIFT_VERSION = 5.0;
				TARGETED_DEVICE_FAMILY = 1;
			};
			name = Release;
		};
/* End XCBuildConfiguration section */

/* Begin XCConfigurationList section */
		9837BBA428B782F700D9B429 /* Build configuration list for PBXProject "ToDoList" */ = {
			isa = XCConfigurationList;
			buildConfigurations = (
				9837BBBB28B782F900D9B429 /* Debug */,
				9837BBBC28B782F900D9B429 /* Release */,
			);
			defaultConfigurationIsVisible = 0;
			defaultConfigurationName = Release;
		};
		9837BBBD28B782F900D9B429 /* Build configuration list for PBXNativeTarget "ToDoList" */ = {
			isa = XCConfigurationList;
			buildConfigurations = (
				9837BBBE28B782F900D9B429 /* Debug */,
				9837BBBF28B782F900D9B429 /* Release */,
			);
			defaultConfigurationIsVisible = 0;
			defaultConfigurationName = Release;
		};
/* End XCConfigurationList section */

/* Begin XCRemoteSwiftPackageReference section */
		98F0684728E4C7BC0005F259 /* XCRemoteSwiftPackageReference "realm-swift" */ = {
			isa = XCRemoteSwiftPackageReference;
			repositoryURL = "https://github.com/realm/realm-swift.git";
			requirement = {
				kind = upToNextMajorVersion;
				minimumVersion = 10.30.0;
			};
		};
/* End XCRemoteSwiftPackageReference section */

/* Begin XCSwiftPackageProductDependency section */
		98F0684828E4C7BD0005F259 /* Realm */ = {
			isa = XCSwiftPackageProductDependency;
			package = 98F0684728E4C7BC0005F259 /* XCRemoteSwiftPackageReference "realm-swift" */;
			productName = Realm;
		};
		98F0684A28E4C7BD0005F259 /* RealmSwift */ = {
			isa = XCSwiftPackageProductDependency;
			package = 98F0684728E4C7BC0005F259 /* XCRemoteSwiftPackageReference "realm-swift" */;
			productName = RealmSwift;
		};
/* End XCSwiftPackageProductDependency section */
	};
	rootObject = 9837BBA128B782F700D9B429 /* Project object */;
}
